
Microsoft Visual Studio Solution File, Format Version 12.00
# Visual Studio Version 17
VisualStudioVersion = 17.3.32804.467
MinimumVisualStudioVersion = 10.0.40219.1
Project("{FAE04EC0-301F-11D3-BF4B-00C04F79EFBC}") = "MVCS3PL", "MVCS3PL\MVCS3PL.csproj", "{69391713-BCDB-4BA2-9198-6348B0A95E1D}"
EndProject
Project("{FAE04EC0-301F-11D3-BF4B-00C04F79EFBC}") = "MVC_DAL", "MVC_DAL\MVC_DAL.csproj", "{6DC0B037-4C74-4585-BD03-1854C688525C}"
EndProject
Project("{FAE04EC0-301F-11D3-BF4B-00C04F79EFBC}") = "MVC3_BLL", "MVC3_DLL\MVC3_BLL.csproj", "{A819F019-A1BB-446F-ADD7-48EF8D94F414}"
EndProject
Global
	GlobalSection(SolutionConfigurationPlatforms) = preSolution
		Debug|Any CPU = Debug|Any CPU
		Release|Any CPU = Release|Any CPU
	EndGlobalSection
	GlobalSection(ProjectConfigurationPlatforms) = postSolution
		{69391713-BCDB-4BA2-9198-6348B0A95E1D}.Debug|Any CPU.ActiveCfg = Debug|Any CPU
		{69391713-BCDB-4BA2-9198-6348B0A95E1D}.Debug|Any CPU.Build.0 = Debug|Any CPU
		{69391713-BCDB-4BA2-9198-6348B0A95E1D}.Release|Any CPU.ActiveCfg = Release|Any CPU
		{69391713-BCDB-4BA2-9198-6348B0A95E1D}.Release|Any CPU.Build.0 = Release|Any CPU
		{6DC0B037-4C74-4585-BD03-1854C688525C}.Debug|Any CPU.ActiveCfg = Debug|Any CPU
		{6DC0B037-4C74-4585-BD03-1854C688525C}.Debug|Any CPU.Build.0 = Debug|Any CPU
		{6DC0B037-4C74-4585-BD03-1854C688525C}.Release|Any CPU.ActiveCfg = Release|Any CPU
		{6DC0B037-4C74-4585-BD03-1854C688525C}.Release|Any CPU.Build.0 = Release|Any CPU
		{A819F019-A1BB-446F-ADD7-48EF8D94F414}.Debug|Any CPU.ActiveCfg = Debug|Any CPU
		{A819F019-A1BB-446F-ADD7-48EF8D94F414}.Debug|Any CPU.Build.0 = Debug|Any CPU
		{A819F019-A1BB-446F-ADD7-48EF8D94F414}.Release|Any CPU.ActiveCfg = Release|Any CPU
		{A819F019-A1BB-446F-ADD7-48EF8D94F414}.Release|Any CPU.Build.0 = Release|Any CPU
	EndGlobalSection
	GlobalSection(SolutionProperties) = preSolution
		HideSolutionNode = FALSE
	EndGlobalSection
	GlobalSection(ExtensibilityGlobals) = postSolution
		SolutionGuid = {8B7155DB-31BD-4702-A02D-6FE2FD653520}
	EndGlobalSection
EndGlobal
